// !$*UTF8*$!
{
	archiveVersion = 1;
	classes = {
	};
	objectVersion = 56;
	objects = {

/* Begin PBXBuildFile section */
		031981852BF482E0008ECF00 /* AppDelegate.swift in Sources */ = {isa = PBXBuildFile; fileRef = 031981842BF482E0008ECF00 /* AppDelegate.swift */; };
		031981872BF482E0008ECF00 /* SceneDelegate.swift in Sources */ = {isa = PBXBuildFile; fileRef = 031981862BF482E0008ECF00 /* SceneDelegate.swift */; };
		031981892BF482E0008ECF00 /* ViewController.swift in Sources */ = {isa = PBXBuildFile; fileRef = 031981882BF482E0008ECF00 /* ViewController.swift */; };
		0319818C2BF482E0008ECF00 /* Main.storyboard in Resources */ = {isa = PBXBuildFile; fileRef = 0319818A2BF482E0008ECF00 /* Main.storyboard */; };
		0319818F2BF482E0008ECF00 /* Sportify.xcdatamodeld in Sources */ = {isa = PBXBuildFile; fileRef = 0319818D2BF482E0008ECF00 /* Sportify.xcdatamodeld */; };
		031981912BF482E8008ECF00 /* Assets.xcassets in Resources */ = {isa = PBXBuildFile; fileRef = 031981902BF482E8008ECF00 /* Assets.xcassets */; };
		031981942BF482E8008ECF00 /* LaunchScreen.storyboard in Resources */ = {isa = PBXBuildFile; fileRef = 031981922BF482E8008ECF00 /* LaunchScreen.storyboard */; };
		031981A92BF482E9008ECF00 /* SportifyUITests.swift in Sources */ = {isa = PBXBuildFile; fileRef = 031981A82BF482E9008ECF00 /* SportifyUITests.swift */; };
		031981AB2BF482E9008ECF00 /* SportifyUITestsLaunchTests.swift in Sources */ = {isa = PBXBuildFile; fileRef = 031981AA2BF482E9008ECF00 /* SportifyUITestsLaunchTests.swift */; };
		032B05252BFD70C7000651AE /* TeamDetailsViewController.swift in Sources */ = {isa = PBXBuildFile; fileRef = 032B05242BFD70C7000651AE /* TeamDetailsViewController.swift */; };
		032B05282BFD76C3000651AE /* PlayerTableViewCell.swift in Sources */ = {isa = PBXBuildFile; fileRef = 032B05262BFD76C3000651AE /* PlayerTableViewCell.swift */; };
		032B05292BFD76C3000651AE /* PlayerTableViewCell.xib in Resources */ = {isa = PBXBuildFile; fileRef = 032B05272BFD76C3000651AE /* PlayerTableViewCell.xib */; };
		035EFF732BF973F500B53B23 /* LegueModel.swift in Sources */ = {isa = PBXBuildFile; fileRef = 035EFF722BF973F500B53B23 /* LegueModel.swift */; };
		035EFF752BF9852000B53B23 /* NetworkManager.swift in Sources */ = {isa = PBXBuildFile; fileRef = 035EFF742BF9852000B53B23 /* NetworkManager.swift */; };
		035EFF772BF991C800B53B23 /* LeguesViewModel.swift in Sources */ = {isa = PBXBuildFile; fileRef = 035EFF762BF991C800B53B23 /* LeguesViewModel.swift */; };
		03D6B9AF2BF66C5600095008 /* Second.storyboard in Resources */ = {isa = PBXBuildFile; fileRef = 03D6B9AE2BF66C5600095008 /* Second.storyboard */; };
		03D6B9B22BF66D9600095008 /* LeguesTableViewController.swift in Sources */ = {isa = PBXBuildFile; fileRef = 03D6B9B02BF66D9600095008 /* LeguesTableViewController.swift */; };
		03DF34072C01E0EB00FCD034 /* FavoriteTableViewController.swift in Sources */ = {isa = PBXBuildFile; fileRef = 03DF34062C01E0EA00FCD034 /* FavoriteTableViewController.swift */; };
		03DF34092C01E6BD00FCD034 /* FavoriteViewModel.swift in Sources */ = {isa = PBXBuildFile; fileRef = 03DF34082C01E6BD00FCD034 /* FavoriteViewModel.swift */; };
		03DF340D2C02933F00FCD034 /* DataBaseMangerTests.swift in Sources */ = {isa = PBXBuildFile; fileRef = 03DF340C2C02933F00FCD034 /* DataBaseMangerTests.swift */; };
		03DF34112C029BF600FCD034 /* MokeDataBaseManager.swift in Sources */ = {isa = PBXBuildFile; fileRef = 03DF34102C029BF600FCD034 /* MokeDataBaseManager.swift */; };
		03E48EA62BF54F5A00C8A955 /* HomeCollectionViewController.swift in Sources */ = {isa = PBXBuildFile; fileRef = 03E48EA42BF54F5A00C8A955 /* HomeCollectionViewController.swift */; };
		03E48EA92BF5526E00C8A955 /* animation2.json in Resources */ = {isa = PBXBuildFile; fileRef = 03E48EA82BF5526E00C8A955 /* animation2.json */; };
		03E48EAB2BF56C9200C8A955 /* OnBoradingViewController.swift in Sources */ = {isa = PBXBuildFile; fileRef = 03E48EAA2BF56C9200C8A955 /* OnBoradingViewController.swift */; };
		03E48EAD2BF5714000C8A955 /* ContainerPageViewController.swift in Sources */ = {isa = PBXBuildFile; fileRef = 03E48EAC2BF5714000C8A955 /* ContainerPageViewController.swift */; };
		03E7B6A92BF63B3F000BC5DF /* animation3.json in Resources */ = {isa = PBXBuildFile; fileRef = 03E7B6A82BF63B3F000BC5DF /* animation3.json */; };
		03F575022BF955150088F0C3 /* LeguesTableViewCell.swift in Sources */ = {isa = PBXBuildFile; fileRef = 03F575002BF955150088F0C3 /* LeguesTableViewCell.swift */; };
		03F575032BF955150088F0C3 /* LeguesTableViewCell.xib in Resources */ = {isa = PBXBuildFile; fileRef = 03F575012BF955150088F0C3 /* LeguesTableViewCell.xib */; };
		03FE53DE2BFF6B0C0084FE51 /* DataBaseManager.swift in Sources */ = {isa = PBXBuildFile; fileRef = 03FE53DD2BFF6B0C0084FE51 /* DataBaseManager.swift */; };
		6C54D1122C0511A1002E622C /* CollectionReusableView.swift in Sources */ = {isa = PBXBuildFile; fileRef = 6C54D1102C0511A1002E622C /* CollectionReusableView.swift */; };
		6C54D1132C0511A1002E622C /* CollectionReusableView.xib in Resources */ = {isa = PBXBuildFile; fileRef = 6C54D1112C0511A1002E622C /* CollectionReusableView.xib */; };
		6C54D1162C0519D6002E622C /* EmptyCollectionViewCell.swift in Sources */ = {isa = PBXBuildFile; fileRef = 6C54D1142C0519D6002E622C /* EmptyCollectionViewCell.swift */; };
		6C54D1172C0519D6002E622C /* EmptyCollectionViewCell.xib in Resources */ = {isa = PBXBuildFile; fileRef = 6C54D1152C0519D6002E622C /* EmptyCollectionViewCell.xib */; };
		6C54D11A2C052416002E622C /* EmptyStateCollectionViewCell.swift in Sources */ = {isa = PBXBuildFile; fileRef = 6C54D1182C052416002E622C /* EmptyStateCollectionViewCell.swift */; };
		6C54D11B2C052416002E622C /* EmptyStateCollectionViewCell.xib in Resources */ = {isa = PBXBuildFile; fileRef = 6C54D1192C052416002E622C /* EmptyStateCollectionViewCell.xib */; };
		6C54D11D2C05597C002E622C /* MockNetworkService.swift in Sources */ = {isa = PBXBuildFile; fileRef = 6C54D11C2C05597C002E622C /* MockNetworkService.swift */; };
		6C6C8FAC2C0667DD0064442B /* NetworkTestingLatestEvents.swift in Sources */ = {isa = PBXBuildFile; fileRef = 6C6C8FAB2C0667DD0064442B /* NetworkTestingLatestEvents.swift */; };
		6C6C8FAE2C066E510064442B /* NetworkTestingTeams.swift in Sources */ = {isa = PBXBuildFile; fileRef = 6C6C8FAD2C066E510064442B /* NetworkTestingTeams.swift */; };
		6C6C8FB02C0671000064442B /* NetworkTestAllLeagues.swift in Sources */ = {isa = PBXBuildFile; fileRef = 6C6C8FAF2C0671000064442B /* NetworkTestAllLeagues.swift */; };
		6C6C8FB22C067CE40064442B /* LeaguesMockNetwork.swift in Sources */ = {isa = PBXBuildFile; fileRef = 6C6C8FB12C067CE40064442B /* LeaguesMockNetwork.swift */; };
		6C6C8FB42C067E0F0064442B /* LeagueDetailsMockNetworkTest.swift in Sources */ = {isa = PBXBuildFile; fileRef = 6C6C8FB32C067E0F0064442B /* LeagueDetailsMockNetworkTest.swift */; };
		6CAC38642C00E16B00A1BE24 /* LeguesDetailsViewModel.swift in Sources */ = {isa = PBXBuildFile; fileRef = 6CAC38632C00E16B00A1BE24 /* LeguesDetailsViewModel.swift */; };
		6CAC38662C00E1A000A1BE24 /* LegueDetailsModel.swift in Sources */ = {isa = PBXBuildFile; fileRef = 6CAC38652C00E1A000A1BE24 /* LegueDetailsModel.swift */; };
		6CAC38682C0121AB00A1BE24 /* TeamsModel.swift in Sources */ = {isa = PBXBuildFile; fileRef = 6CAC38672C0121AB00A1BE24 /* TeamsModel.swift */; };
		6CC0FADB2C03B70F00D30FA1 /* NetworkTestLeagueUpCompingEvents.swift in Sources */ = {isa = PBXBuildFile; fileRef = 6CC0FADA2C03B70F00D30FA1 /* NetworkTestLeagueUpCompingEvents.swift */; };
		6CC0FADF2C03D81600D30FA1 /* FavoriteViewModelTests.swift in Sources */ = {isa = PBXBuildFile; fileRef = 6CC0FADE2C03D81600D30FA1 /* FavoriteViewModelTests.swift */; };
		6CC0FAE62C03FF6F00D30FA1 /* finalAnimation.json in Resources */ = {isa = PBXBuildFile; fileRef = 6CC0FAE52C03FF6F00D30FA1 /* finalAnimation.json */; };
		6CC1EC302BFBFF9F00F606AE /* animation4.json in Resources */ = {isa = PBXBuildFile; fileRef = 6CC1EC2F2BFBFF9F00F606AE /* animation4.json */; };
		6CC35C072C02B6F000C7D3AD /* TeamsMockNetwork.swift in Sources */ = {isa = PBXBuildFile; fileRef = 6CC35C062C02B6F000C7D3AD /* TeamsMockNetwork.swift */; };
		6CEFE2722BFF994700D028A4 /* LatestEventCollectionViewCell.swift in Sources */ = {isa = PBXBuildFile; fileRef = 6CEFE2702BFF994700D028A4 /* LatestEventCollectionViewCell.swift */; };
		6CEFE2732BFF994700D028A4 /* LatestEventCollectionViewCell.xib in Resources */ = {isa = PBXBuildFile; fileRef = 6CEFE2712BFF994700D028A4 /* LatestEventCollectionViewCell.xib */; };
		6CEFE2752BFFA4B100D028A4 /* LegueDetailsViewController.swift in Sources */ = {isa = PBXBuildFile; fileRef = 6CEFE2742BFFA4B100D028A4 /* LegueDetailsViewController.swift */; };
		6CEFE2782BFFA8B200D028A4 /* UpComingEventsCollectionViewCell.swift in Sources */ = {isa = PBXBuildFile; fileRef = 6CEFE2762BFFA8B200D028A4 /* UpComingEventsCollectionViewCell.swift */; };
		6CEFE2792BFFA8B200D028A4 /* UpComingEventsCollectionViewCell.xib in Resources */ = {isa = PBXBuildFile; fileRef = 6CEFE2772BFFA8B200D028A4 /* UpComingEventsCollectionViewCell.xib */; };
		6CEFE27C2BFFA8C300D028A4 /* TeamsCollectionViewCell.swift in Sources */ = {isa = PBXBuildFile; fileRef = 6CEFE27A2BFFA8C300D028A4 /* TeamsCollectionViewCell.swift */; };
		6CEFE27D2BFFA8C300D028A4 /* TeamsCollectionViewCell.xib in Resources */ = {isa = PBXBuildFile; fileRef = 6CEFE27B2BFFA8C300D028A4 /* TeamsCollectionViewCell.xib */; };
		740F0B0F204BA81169AF8739 /* Pods_Sportify.framework in Frameworks */ = {isa = PBXBuildFile; fileRef = 2FFD5532CDDBCC36AD3E3094 /* Pods_Sportify.framework */; };
		CF5929F45920E3CC3A66FABC /* Pods_Sportify_SportifyUITests.framework in Frameworks */ = {isa = PBXBuildFile; fileRef = 708F5F450FA59FCF8C53E6F2 /* Pods_Sportify_SportifyUITests.framework */; };
		D8E245C85C5FCFDB5421674A /* Pods_SportifyTests.framework in Frameworks */ = {isa = PBXBuildFile; fileRef = E574995E63AA889511CB8772 /* Pods_SportifyTests.framework */; };
/* End PBXBuildFile section */

/* Begin PBXContainerItemProxy section */
		0319819B2BF482E9008ECF00 /* PBXContainerItemProxy */ = {
			isa = PBXContainerItemProxy;
			containerPortal = 031981792BF482DF008ECF00 /* Project object */;
			proxyType = 1;
			remoteGlobalIDString = 031981802BF482E0008ECF00;
			remoteInfo = Sportify;
		};
		031981A52BF482E9008ECF00 /* PBXContainerItemProxy */ = {
			isa = PBXContainerItemProxy;
			containerPortal = 031981792BF482DF008ECF00 /* Project object */;
			proxyType = 1;
			remoteGlobalIDString = 031981802BF482E0008ECF00;
			remoteInfo = Sportify;
		};
/* End PBXContainerItemProxy section */

/* Begin PBXFileReference section */
		031981812BF482E0008ECF00 /* Sportify.app */ = {isa = PBXFileReference; explicitFileType = wrapper.application; includeInIndex = 0; path = Sportify.app; sourceTree = BUILT_PRODUCTS_DIR; };
		031981842BF482E0008ECF00 /* AppDelegate.swift */ = {isa = PBXFileReference; lastKnownFileType = sourcecode.swift; path = AppDelegate.swift; sourceTree = "<group>"; };
		031981862BF482E0008ECF00 /* SceneDelegate.swift */ = {isa = PBXFileReference; lastKnownFileType = sourcecode.swift; path = SceneDelegate.swift; sourceTree = "<group>"; };
		031981882BF482E0008ECF00 /* ViewController.swift */ = {isa = PBXFileReference; lastKnownFileType = sourcecode.swift; path = ViewController.swift; sourceTree = "<group>"; };
		0319818B2BF482E0008ECF00 /* Base */ = {isa = PBXFileReference; lastKnownFileType = file.storyboard; name = Base; path = Base.lproj/Main.storyboard; sourceTree = "<group>"; };
		0319818E2BF482E0008ECF00 /* Sportify.xcdatamodel */ = {isa = PBXFileReference; lastKnownFileType = wrapper.xcdatamodel; path = Sportify.xcdatamodel; sourceTree = "<group>"; };
		031981902BF482E8008ECF00 /* Assets.xcassets */ = {isa = PBXFileReference; lastKnownFileType = folder.assetcatalog; path = Assets.xcassets; sourceTree = "<group>"; };
		031981932BF482E8008ECF00 /* Base */ = {isa = PBXFileReference; lastKnownFileType = file.storyboard; name = Base; path = Base.lproj/LaunchScreen.storyboard; sourceTree = "<group>"; };
		031981952BF482E8008ECF00 /* Info.plist */ = {isa = PBXFileReference; lastKnownFileType = text.plist.xml; path = Info.plist; sourceTree = "<group>"; };
		0319819A2BF482E9008ECF00 /* SportifyTests.xctest */ = {isa = PBXFileReference; explicitFileType = wrapper.cfbundle; includeInIndex = 0; path = SportifyTests.xctest; sourceTree = BUILT_PRODUCTS_DIR; };
		031981A42BF482E9008ECF00 /* SportifyUITests.xctest */ = {isa = PBXFileReference; explicitFileType = wrapper.cfbundle; includeInIndex = 0; path = SportifyUITests.xctest; sourceTree = BUILT_PRODUCTS_DIR; };
		031981A82BF482E9008ECF00 /* SportifyUITests.swift */ = {isa = PBXFileReference; lastKnownFileType = sourcecode.swift; path = SportifyUITests.swift; sourceTree = "<group>"; };
		031981AA2BF482E9008ECF00 /* SportifyUITestsLaunchTests.swift */ = {isa = PBXFileReference; lastKnownFileType = sourcecode.swift; path = SportifyUITestsLaunchTests.swift; sourceTree = "<group>"; };
		032B05242BFD70C7000651AE /* TeamDetailsViewController.swift */ = {isa = PBXFileReference; lastKnownFileType = sourcecode.swift; path = TeamDetailsViewController.swift; sourceTree = "<group>"; };
		032B05262BFD76C3000651AE /* PlayerTableViewCell.swift */ = {isa = PBXFileReference; lastKnownFileType = sourcecode.swift; path = PlayerTableViewCell.swift; sourceTree = "<group>"; };
		032B05272BFD76C3000651AE /* PlayerTableViewCell.xib */ = {isa = PBXFileReference; lastKnownFileType = file.xib; path = PlayerTableViewCell.xib; sourceTree = "<group>"; };
		035EFF722BF973F500B53B23 /* LegueModel.swift */ = {isa = PBXFileReference; lastKnownFileType = sourcecode.swift; path = LegueModel.swift; sourceTree = "<group>"; };
		035EFF742BF9852000B53B23 /* NetworkManager.swift */ = {isa = PBXFileReference; lastKnownFileType = sourcecode.swift; path = NetworkManager.swift; sourceTree = "<group>"; };
		035EFF762BF991C800B53B23 /* LeguesViewModel.swift */ = {isa = PBXFileReference; lastKnownFileType = sourcecode.swift; path = LeguesViewModel.swift; sourceTree = "<group>"; };
		03D6B9AE2BF66C5600095008 /* Second.storyboard */ = {isa = PBXFileReference; lastKnownFileType = file.storyboard; path = Second.storyboard; sourceTree = "<group>"; };
		03D6B9B02BF66D9600095008 /* LeguesTableViewController.swift */ = {isa = PBXFileReference; lastKnownFileType = sourcecode.swift; path = LeguesTableViewController.swift; sourceTree = "<group>"; };
		03DF34062C01E0EA00FCD034 /* FavoriteTableViewController.swift */ = {isa = PBXFileReference; lastKnownFileType = sourcecode.swift; path = FavoriteTableViewController.swift; sourceTree = "<group>"; };
		03DF34082C01E6BD00FCD034 /* FavoriteViewModel.swift */ = {isa = PBXFileReference; lastKnownFileType = sourcecode.swift; path = FavoriteViewModel.swift; sourceTree = "<group>"; };
		03DF340C2C02933F00FCD034 /* DataBaseMangerTests.swift */ = {isa = PBXFileReference; lastKnownFileType = sourcecode.swift; path = DataBaseMangerTests.swift; sourceTree = "<group>"; };
		03DF34102C029BF600FCD034 /* MokeDataBaseManager.swift */ = {isa = PBXFileReference; lastKnownFileType = sourcecode.swift; path = MokeDataBaseManager.swift; sourceTree = "<group>"; };
		03E48EA42BF54F5A00C8A955 /* HomeCollectionViewController.swift */ = {isa = PBXFileReference; lastKnownFileType = sourcecode.swift; path = HomeCollectionViewController.swift; sourceTree = "<group>"; };
		03E48EA82BF5526E00C8A955 /* animation2.json */ = {isa = PBXFileReference; fileEncoding = 4; lastKnownFileType = text.json; path = animation2.json; sourceTree = "<group>"; };
		03E48EAA2BF56C9200C8A955 /* OnBoradingViewController.swift */ = {isa = PBXFileReference; lastKnownFileType = sourcecode.swift; path = OnBoradingViewController.swift; sourceTree = "<group>"; };
		03E48EAC2BF5714000C8A955 /* ContainerPageViewController.swift */ = {isa = PBXFileReference; lastKnownFileType = sourcecode.swift; path = ContainerPageViewController.swift; sourceTree = "<group>"; };
		03E7B6A82BF63B3F000BC5DF /* animation3.json */ = {isa = PBXFileReference; fileEncoding = 4; lastKnownFileType = text.json; path = animation3.json; sourceTree = "<group>"; };
		03F575002BF955150088F0C3 /* LeguesTableViewCell.swift */ = {isa = PBXFileReference; lastKnownFileType = sourcecode.swift; path = LeguesTableViewCell.swift; sourceTree = "<group>"; };
		03F575012BF955150088F0C3 /* LeguesTableViewCell.xib */ = {isa = PBXFileReference; lastKnownFileType = file.xib; path = LeguesTableViewCell.xib; sourceTree = "<group>"; };
		03FE53DD2BFF6B0C0084FE51 /* DataBaseManager.swift */ = {isa = PBXFileReference; lastKnownFileType = sourcecode.swift; path = DataBaseManager.swift; sourceTree = "<group>"; };
		2FFD5532CDDBCC36AD3E3094 /* Pods_Sportify.framework */ = {isa = PBXFileReference; explicitFileType = wrapper.framework; includeInIndex = 0; path = Pods_Sportify.framework; sourceTree = BUILT_PRODUCTS_DIR; };
		48DD1672BE117ED6C551C984 /* Pods-Sportify.debug.xcconfig */ = {isa = PBXFileReference; includeInIndex = 1; lastKnownFileType = text.xcconfig; name = "Pods-Sportify.debug.xcconfig"; path = "Target Support Files/Pods-Sportify/Pods-Sportify.debug.xcconfig"; sourceTree = "<group>"; };
		663502EF2416ADBD10B5C57B /* Pods-SportifyTests.debug.xcconfig */ = {isa = PBXFileReference; includeInIndex = 1; lastKnownFileType = text.xcconfig; name = "Pods-SportifyTests.debug.xcconfig"; path = "Target Support Files/Pods-SportifyTests/Pods-SportifyTests.debug.xcconfig"; sourceTree = "<group>"; };
		6A6D220563FAAA99113DB9AE /* Pods-Sportify-SportifyUITests.release.xcconfig */ = {isa = PBXFileReference; includeInIndex = 1; lastKnownFileType = text.xcconfig; name = "Pods-Sportify-SportifyUITests.release.xcconfig"; path = "Target Support Files/Pods-Sportify-SportifyUITests/Pods-Sportify-SportifyUITests.release.xcconfig"; sourceTree = "<group>"; };
		6C54D1102C0511A1002E622C /* CollectionReusableView.swift */ = {isa = PBXFileReference; lastKnownFileType = sourcecode.swift; path = CollectionReusableView.swift; sourceTree = "<group>"; };
		6C54D1112C0511A1002E622C /* CollectionReusableView.xib */ = {isa = PBXFileReference; lastKnownFileType = file.xib; path = CollectionReusableView.xib; sourceTree = "<group>"; };
		6C54D1142C0519D6002E622C /* EmptyCollectionViewCell.swift */ = {isa = PBXFileReference; lastKnownFileType = sourcecode.swift; path = EmptyCollectionViewCell.swift; sourceTree = "<group>"; };
		6C54D1152C0519D6002E622C /* EmptyCollectionViewCell.xib */ = {isa = PBXFileReference; lastKnownFileType = file.xib; path = EmptyCollectionViewCell.xib; sourceTree = "<group>"; };
		6C54D1182C052416002E622C /* EmptyStateCollectionViewCell.swift */ = {isa = PBXFileReference; lastKnownFileType = sourcecode.swift; path = EmptyStateCollectionViewCell.swift; sourceTree = "<group>"; };
		6C54D1192C052416002E622C /* EmptyStateCollectionViewCell.xib */ = {isa = PBXFileReference; lastKnownFileType = file.xib; path = EmptyStateCollectionViewCell.xib; sourceTree = "<group>"; };
		6C54D11C2C05597C002E622C /* MockNetworkService.swift */ = {isa = PBXFileReference; lastKnownFileType = sourcecode.swift; path = MockNetworkService.swift; sourceTree = "<group>"; };
		6C6C8FAB2C0667DD0064442B /* NetworkTestingLatestEvents.swift */ = {isa = PBXFileReference; lastKnownFileType = sourcecode.swift; path = NetworkTestingLatestEvents.swift; sourceTree = "<group>"; };
		6C6C8FAD2C066E510064442B /* NetworkTestingTeams.swift */ = {isa = PBXFileReference; lastKnownFileType = sourcecode.swift; path = NetworkTestingTeams.swift; sourceTree = "<group>"; };
		6C6C8FAF2C0671000064442B /* NetworkTestAllLeagues.swift */ = {isa = PBXFileReference; lastKnownFileType = sourcecode.swift; path = NetworkTestAllLeagues.swift; sourceTree = "<group>"; };
		6C6C8FB12C067CE40064442B /* LeaguesMockNetwork.swift */ = {isa = PBXFileReference; lastKnownFileType = sourcecode.swift; path = LeaguesMockNetwork.swift; sourceTree = "<group>"; };
		6C6C8FB32C067E0F0064442B /* LeagueDetailsMockNetworkTest.swift */ = {isa = PBXFileReference; lastKnownFileType = sourcecode.swift; path = LeagueDetailsMockNetworkTest.swift; sourceTree = "<group>"; };
		6CAC38632C00E16B00A1BE24 /* LeguesDetailsViewModel.swift */ = {isa = PBXFileReference; lastKnownFileType = sourcecode.swift; path = LeguesDetailsViewModel.swift; sourceTree = "<group>"; };
		6CAC38652C00E1A000A1BE24 /* LegueDetailsModel.swift */ = {isa = PBXFileReference; lastKnownFileType = sourcecode.swift; path = LegueDetailsModel.swift; sourceTree = "<group>"; };
		6CAC38672C0121AB00A1BE24 /* TeamsModel.swift */ = {isa = PBXFileReference; lastKnownFileType = sourcecode.swift; path = TeamsModel.swift; sourceTree = "<group>"; };
		6CC0FADA2C03B70F00D30FA1 /* NetworkTestLeagueUpCompingEvents.swift */ = {isa = PBXFileReference; lastKnownFileType = sourcecode.swift; path = NetworkTestLeagueUpCompingEvents.swift; sourceTree = "<group>"; };
		6CC0FADE2C03D81600D30FA1 /* FavoriteViewModelTests.swift */ = {isa = PBXFileReference; lastKnownFileType = sourcecode.swift; path = FavoriteViewModelTests.swift; sourceTree = "<group>"; };
		6CC0FAE52C03FF6F00D30FA1 /* finalAnimation.json */ = {isa = PBXFileReference; fileEncoding = 4; lastKnownFileType = text.json; path = finalAnimation.json; sourceTree = "<group>"; };
		6CC1EC2F2BFBFF9F00F606AE /* animation4.json */ = {isa = PBXFileReference; fileEncoding = 4; lastKnownFileType = text.json; path = animation4.json; sourceTree = "<group>"; };
		6CC35C062C02B6F000C7D3AD /* TeamsMockNetwork.swift */ = {isa = PBXFileReference; lastKnownFileType = sourcecode.swift; path = TeamsMockNetwork.swift; sourceTree = "<group>"; };
		6CEFE2702BFF994700D028A4 /* LatestEventCollectionViewCell.swift */ = {isa = PBXFileReference; lastKnownFileType = sourcecode.swift; path = LatestEventCollectionViewCell.swift; sourceTree = "<group>"; };
		6CEFE2712BFF994700D028A4 /* LatestEventCollectionViewCell.xib */ = {isa = PBXFileReference; lastKnownFileType = file.xib; path = LatestEventCollectionViewCell.xib; sourceTree = "<group>"; };
		6CEFE2742BFFA4B100D028A4 /* LegueDetailsViewController.swift */ = {isa = PBXFileReference; lastKnownFileType = sourcecode.swift; path = LegueDetailsViewController.swift; sourceTree = "<group>"; };
		6CEFE2762BFFA8B200D028A4 /* UpComingEventsCollectionViewCell.swift */ = {isa = PBXFileReference; lastKnownFileType = sourcecode.swift; path = UpComingEventsCollectionViewCell.swift; sourceTree = "<group>"; };
		6CEFE2772BFFA8B200D028A4 /* UpComingEventsCollectionViewCell.xib */ = {isa = PBXFileReference; lastKnownFileType = file.xib; path = UpComingEventsCollectionViewCell.xib; sourceTree = "<group>"; };
		6CEFE27A2BFFA8C300D028A4 /* TeamsCollectionViewCell.swift */ = {isa = PBXFileReference; lastKnownFileType = sourcecode.swift; path = TeamsCollectionViewCell.swift; sourceTree = "<group>"; };
		6CEFE27B2BFFA8C300D028A4 /* TeamsCollectionViewCell.xib */ = {isa = PBXFileReference; lastKnownFileType = file.xib; path = TeamsCollectionViewCell.xib; sourceTree = "<group>"; };
		708F5F450FA59FCF8C53E6F2 /* Pods_Sportify_SportifyUITests.framework */ = {isa = PBXFileReference; explicitFileType = wrapper.framework; includeInIndex = 0; path = Pods_Sportify_SportifyUITests.framework; sourceTree = BUILT_PRODUCTS_DIR; };
		9AC35F703BAAC1F831BB9252 /* Pods-Sportify-SportifyUITests.debug.xcconfig */ = {isa = PBXFileReference; includeInIndex = 1; lastKnownFileType = text.xcconfig; name = "Pods-Sportify-SportifyUITests.debug.xcconfig"; path = "Target Support Files/Pods-Sportify-SportifyUITests/Pods-Sportify-SportifyUITests.debug.xcconfig"; sourceTree = "<group>"; };
		C8CF375FE8605E45ECA16403 /* Pods-Sportify.release.xcconfig */ = {isa = PBXFileReference; includeInIndex = 1; lastKnownFileType = text.xcconfig; name = "Pods-Sportify.release.xcconfig"; path = "Target Support Files/Pods-Sportify/Pods-Sportify.release.xcconfig"; sourceTree = "<group>"; };
		D774088E6659AC9D7BFB33A8 /* Pods-SportifyTests.release.xcconfig */ = {isa = PBXFileReference; includeInIndex = 1; lastKnownFileType = text.xcconfig; name = "Pods-SportifyTests.release.xcconfig"; path = "Target Support Files/Pods-SportifyTests/Pods-SportifyTests.release.xcconfig"; sourceTree = "<group>"; };
		E574995E63AA889511CB8772 /* Pods_SportifyTests.framework */ = {isa = PBXFileReference; explicitFileType = wrapper.framework; includeInIndex = 0; path = Pods_SportifyTests.framework; sourceTree = BUILT_PRODUCTS_DIR; };
/* End PBXFileReference section */

/* Begin PBXFrameworksBuildPhase section */
		0319817E2BF482E0008ECF00 /* Frameworks */ = {
			isa = PBXFrameworksBuildPhase;
			buildActionMask = 2147483647;
			files = (
				740F0B0F204BA81169AF8739 /* Pods_Sportify.framework in Frameworks */,
			);
			runOnlyForDeploymentPostprocessing = 0;
		};
		031981972BF482E9008ECF00 /* Frameworks */ = {
			isa = PBXFrameworksBuildPhase;
			buildActionMask = 2147483647;
			files = (
				D8E245C85C5FCFDB5421674A /* Pods_SportifyTests.framework in Frameworks */,
			);
			runOnlyForDeploymentPostprocessing = 0;
		};
		031981A12BF482E9008ECF00 /* Frameworks */ = {
			isa = PBXFrameworksBuildPhase;
			buildActionMask = 2147483647;
			files = (
				CF5929F45920E3CC3A66FABC /* Pods_Sportify_SportifyUITests.framework in Frameworks */,
			);
			runOnlyForDeploymentPostprocessing = 0;
		};
/* End PBXFrameworksBuildPhase section */

/* Begin PBXGroup section */
		030D2A972BFCC7F600BF4B7E /* Legues Details */ = {
			isa = PBXGroup;
			children = (
				030D2A992BFCC81400BF4B7E /* viewModel */,
				030D2A982BFCC80B00BF4B7E /* view */,
			);
			path = "Legues Details";
			sourceTree = "<group>";
		};
		030D2A982BFCC80B00BF4B7E /* view */ = {
			isa = PBXGroup;
			children = (
				6CEFE2742BFFA4B100D028A4 /* LegueDetailsViewController.swift */,
				6CEFE2702BFF994700D028A4 /* LatestEventCollectionViewCell.swift */,
				6CEFE2712BFF994700D028A4 /* LatestEventCollectionViewCell.xib */,
				6CEFE2762BFFA8B200D028A4 /* UpComingEventsCollectionViewCell.swift */,
				6CEFE2772BFFA8B200D028A4 /* UpComingEventsCollectionViewCell.xib */,
				6CEFE27A2BFFA8C300D028A4 /* TeamsCollectionViewCell.swift */,
				6CEFE27B2BFFA8C300D028A4 /* TeamsCollectionViewCell.xib */,
				6C54D1102C0511A1002E622C /* CollectionReusableView.swift */,
				6C54D1112C0511A1002E622C /* CollectionReusableView.xib */,
				6C54D1142C0519D6002E622C /* EmptyCollectionViewCell.swift */,
				6C54D1152C0519D6002E622C /* EmptyCollectionViewCell.xib */,
				6C54D1182C052416002E622C /* EmptyStateCollectionViewCell.swift */,
				6C54D1192C052416002E622C /* EmptyStateCollectionViewCell.xib */,
			);
			path = view;
			sourceTree = "<group>";
		};
		030D2A992BFCC81400BF4B7E /* viewModel */ = {
			isa = PBXGroup;
			children = (
				6CAC38632C00E16B00A1BE24 /* LeguesDetailsViewModel.swift */,
			);
			path = viewModel;
			sourceTree = "<group>";
		};
		031981782BF482DF008ECF00 = {
			isa = PBXGroup;
			children = (
				031981832BF482E0008ECF00 /* Sportify */,
				0319819D2BF482E9008ECF00 /* SportifyTests */,
				031981A72BF482E9008ECF00 /* SportifyUITests */,
				031981822BF482E0008ECF00 /* Products */,
				34A4981DFEFE0D44B9D11828 /* Pods */,
				A667D87C3DFF6A96E5AD186B /* Frameworks */,
			);
			sourceTree = "<group>";
		};
		031981822BF482E0008ECF00 /* Products */ = {
			isa = PBXGroup;
			children = (
				031981812BF482E0008ECF00 /* Sportify.app */,
				0319819A2BF482E9008ECF00 /* SportifyTests.xctest */,
				031981A42BF482E9008ECF00 /* SportifyUITests.xctest */,
			);
			name = Products;
			sourceTree = "<group>";
		};
		031981832BF482E0008ECF00 /* Sportify */ = {
			isa = PBXGroup;
			children = (
				E8E1D41B2D67498100A89542 /* Configuration */,
				E8E1D41A2D67492200A89542 /* Resources */,
				E8E1D4192D67490D00A89542 /* Core */,
				03D6B99C2BF6647800095008 /* Model */,
				03D6B99D2BF664A900095008 /* Services */,
				03D6B99E2BF6651600095008 /* Modules */,
				03D6B99B2BF6644500095008 /* Storyboards */,
				E8E1D41C2D674AC200A89542 /* CoreData */,
			);
			path = Sportify;
			sourceTree = "<group>";
		};
		0319819D2BF482E9008ECF00 /* SportifyTests */ = {
			isa = PBXGroup;
			children = (
				6CC35C062C02B6F000C7D3AD /* TeamsMockNetwork.swift */,
				6CC0FADA2C03B70F00D30FA1 /* NetworkTestLeagueUpCompingEvents.swift */,
				6CC0FADE2C03D81600D30FA1 /* FavoriteViewModelTests.swift */,
				03DF340C2C02933F00FCD034 /* DataBaseMangerTests.swift */,
				03DF34102C029BF600FCD034 /* MokeDataBaseManager.swift */,
				6C54D11C2C05597C002E622C /* MockNetworkService.swift */,
				6C6C8FAB2C0667DD0064442B /* NetworkTestingLatestEvents.swift */,
				6C6C8FAD2C066E510064442B /* NetworkTestingTeams.swift */,
				6C6C8FAF2C0671000064442B /* NetworkTestAllLeagues.swift */,
				6C6C8FB12C067CE40064442B /* LeaguesMockNetwork.swift */,
				6C6C8FB32C067E0F0064442B /* LeagueDetailsMockNetworkTest.swift */,
			);
			path = SportifyTests;
			sourceTree = "<group>";
		};
		031981A72BF482E9008ECF00 /* SportifyUITests */ = {
			isa = PBXGroup;
			children = (
				031981A82BF482E9008ECF00 /* SportifyUITests.swift */,
				031981AA2BF482E9008ECF00 /* SportifyUITestsLaunchTests.swift */,
			);
			path = SportifyUITests;
			sourceTree = "<group>";
		};
		032B05212BFD7067000651AE /* Team Details */ = {
			isa = PBXGroup;
			children = (
				032B05232BFD7084000651AE /* viewModel */,
				032B05222BFD707A000651AE /* view */,
			);
			path = "Team Details";
			sourceTree = "<group>";
		};
		032B05222BFD707A000651AE /* view */ = {
			isa = PBXGroup;
			children = (
				032B05242BFD70C7000651AE /* TeamDetailsViewController.swift */,
				032B05262BFD76C3000651AE /* PlayerTableViewCell.swift */,
				032B05272BFD76C3000651AE /* PlayerTableViewCell.xib */,
			);
			path = view;
			sourceTree = "<group>";
		};
		032B05232BFD7084000651AE /* viewModel */ = {
			isa = PBXGroup;
			children = (
			);
			path = viewModel;
			sourceTree = "<group>";
		};
		03D6B99B2BF6644500095008 /* Storyboards */ = {
			isa = PBXGroup;
			children = (
				0319818A2BF482E0008ECF00 /* Main.storyboard */,
				03D6B9AE2BF66C5600095008 /* Second.storyboard */,
			);
			path = Storyboards;
			sourceTree = "<group>";
		};
		03D6B99C2BF6647800095008 /* Model */ = {
			isa = PBXGroup;
			children = (
				035EFF722BF973F500B53B23 /* LegueModel.swift */,
				6CAC38652C00E1A000A1BE24 /* LegueDetailsModel.swift */,
				6CAC38672C0121AB00A1BE24 /* TeamsModel.swift */,
			);
			path = Model;
			sourceTree = "<group>";
		};
		03D6B99D2BF664A900095008 /* Services */ = {
			isa = PBXGroup;
			children = (
				03D6B9A02BF6661800095008 /* DataBase Service */,
				03D6B99F2BF665C500095008 /* Network Service */,
			);
			path = Services;
			sourceTree = "<group>";
		};
		03D6B99E2BF6651600095008 /* Modules */ = {
			isa = PBXGroup;
			children = (
				03FE53DF2BFF7CE30084FE51 /* Favorites Leagues */,
				032B05212BFD7067000651AE /* Team Details */,
				030D2A972BFCC7F600BF4B7E /* Legues Details */,
				03D6B9A92BF6687200095008 /* Legues */,
				03D6B9A62BF6676F00095008 /* OnBording Screen */,
				03D6B9A42BF6673A00095008 /* Splash Screen */,
				03D6B9A12BF6667C00095008 /* Home */,
			);
			path = Modules;
			sourceTree = "<group>";
		};
		03D6B99F2BF665C500095008 /* Network Service */ = {
			isa = PBXGroup;
			children = (
				035EFF742BF9852000B53B23 /* NetworkManager.swift */,
			);
			path = "Network Service";
			sourceTree = "<group>";
		};
		03D6B9A02BF6661800095008 /* DataBase Service */ = {
			isa = PBXGroup;
			children = (
				03FE53DD2BFF6B0C0084FE51 /* DataBaseManager.swift */,
			);
			path = "DataBase Service";
			sourceTree = "<group>";
		};
		03D6B9A12BF6667C00095008 /* Home */ = {
			isa = PBXGroup;
			children = (
				03D6B9A32BF6669600095008 /* viewModel */,
				03D6B9A22BF6668900095008 /* view */,
			);
			path = Home;
			sourceTree = "<group>";
		};
		03D6B9A22BF6668900095008 /* view */ = {
			isa = PBXGroup;
			children = (
				03E48EA42BF54F5A00C8A955 /* HomeCollectionViewController.swift */,
			);
			path = view;
			sourceTree = "<group>";
		};
		03D6B9A32BF6669600095008 /* viewModel */ = {
			isa = PBXGroup;
			children = (
			);
			path = viewModel;
			sourceTree = "<group>";
		};
		03D6B9A42BF6673A00095008 /* Splash Screen */ = {
			isa = PBXGroup;
			children = (
				03D6B9A52BF6674E00095008 /* view */,
			);
			path = "Splash Screen";
			sourceTree = "<group>";
		};
		03D6B9A52BF6674E00095008 /* view */ = {
			isa = PBXGroup;
			children = (
				031981882BF482E0008ECF00 /* ViewController.swift */,
			);
			path = view;
			sourceTree = "<group>";
		};
		03D6B9A62BF6676F00095008 /* OnBording Screen */ = {
			isa = PBXGroup;
			children = (
				03D6B9A72BF667AA00095008 /* view */,
			);
			path = "OnBording Screen";
			sourceTree = "<group>";
		};
		03D6B9A72BF667AA00095008 /* view */ = {
			isa = PBXGroup;
			children = (
				03E48EAA2BF56C9200C8A955 /* OnBoradingViewController.swift */,
				03E48EAC2BF5714000C8A955 /* ContainerPageViewController.swift */,
			);
			path = view;
			sourceTree = "<group>";
		};
		03D6B9A82BF6682900095008 /* Json */ = {
			isa = PBXGroup;
			children = (
				6CC0FAE52C03FF6F00D30FA1 /* finalAnimation.json */,
				6CC1EC2F2BFBFF9F00F606AE /* animation4.json */,
				03E48EA82BF5526E00C8A955 /* animation2.json */,
				03E7B6A82BF63B3F000BC5DF /* animation3.json */,
			);
			path = Json;
			sourceTree = "<group>";
		};
		03D6B9A92BF6687200095008 /* Legues */ = {
			isa = PBXGroup;
			children = (
				03D6B9AB2BF6689300095008 /* viewMode */,
				03D6B9AA2BF6688B00095008 /* view */,
			);
			path = Legues;
			sourceTree = "<group>";
		};
		03D6B9AA2BF6688B00095008 /* view */ = {
			isa = PBXGroup;
			children = (
				03D6B9B02BF66D9600095008 /* LeguesTableViewController.swift */,
				03F575002BF955150088F0C3 /* LeguesTableViewCell.swift */,
				03F575012BF955150088F0C3 /* LeguesTableViewCell.xib */,
			);
			path = view;
			sourceTree = "<group>";
		};
		03D6B9AB2BF6689300095008 /* viewMode */ = {
			isa = PBXGroup;
			children = (
				035EFF762BF991C800B53B23 /* LeguesViewModel.swift */,
			);
			path = viewMode;
			sourceTree = "<group>";
		};
		03FE53DF2BFF7CE30084FE51 /* Favorites Leagues */ = {
			isa = PBXGroup;
			children = (
				03FE53E12BFF7D050084FE51 /* viewModel */,
				03FE53E02BFF7CFB0084FE51 /* view */,
			);
			path = "Favorites Leagues";
			sourceTree = "<group>";
		};
		03FE53E02BFF7CFB0084FE51 /* view */ = {
			isa = PBXGroup;
			children = (
				03DF34062C01E0EA00FCD034 /* FavoriteTableViewController.swift */,
			);
			path = view;
			sourceTree = "<group>";
		};
		03FE53E12BFF7D050084FE51 /* viewModel */ = {
			isa = PBXGroup;
			children = (
				03DF34082C01E6BD00FCD034 /* FavoriteViewModel.swift */,
			);
			path = viewModel;
			sourceTree = "<group>";
		};
		34A4981DFEFE0D44B9D11828 /* Pods */ = {
			isa = PBXGroup;
			children = (
				48DD1672BE117ED6C551C984 /* Pods-Sportify.debug.xcconfig */,
				C8CF375FE8605E45ECA16403 /* Pods-Sportify.release.xcconfig */,
				9AC35F703BAAC1F831BB9252 /* Pods-Sportify-SportifyUITests.debug.xcconfig */,
				6A6D220563FAAA99113DB9AE /* Pods-Sportify-SportifyUITests.release.xcconfig */,
				663502EF2416ADBD10B5C57B /* Pods-SportifyTests.debug.xcconfig */,
				D774088E6659AC9D7BFB33A8 /* Pods-SportifyTests.release.xcconfig */,
			);
			path = Pods;
			sourceTree = "<group>";
		};
		A667D87C3DFF6A96E5AD186B /* Frameworks */ = {
			isa = PBXGroup;
			children = (
				2FFD5532CDDBCC36AD3E3094 /* Pods_Sportify.framework */,
				708F5F450FA59FCF8C53E6F2 /* Pods_Sportify_SportifyUITests.framework */,
				E574995E63AA889511CB8772 /* Pods_SportifyTests.framework */,
			);
			name = Frameworks;
			sourceTree = "<group>";
		};
		E8E1D4192D67490D00A89542 /* Core */ = {
			isa = PBXGroup;
			children = (
				031981842BF482E0008ECF00 /* AppDelegate.swift */,
				031981862BF482E0008ECF00 /* SceneDelegate.swift */,
			);
			path = Core;
			sourceTree = "<group>";
		};
		E8E1D41A2D67492200A89542 /* Resources */ = {
			isa = PBXGroup;
			children = (
				03D6B9A82BF6682900095008 /* Json */,
				031981922BF482E8008ECF00 /* LaunchScreen.storyboard */,
				031981902BF482E8008ECF00 /* Assets.xcassets */,
			);
			path = Resources;
			sourceTree = "<group>";
		};
		E8E1D41B2D67498100A89542 /* Configuration */ = {
			isa = PBXGroup;
			children = (
				031981952BF482E8008ECF00 /* Info.plist */,
			);
			path = Configuration;
			sourceTree = "<group>";
		};
		E8E1D41C2D674AC200A89542 /* CoreData */ = {
			isa = PBXGroup;
			children = (
				0319818D2BF482E0008ECF00 /* Sportify.xcdatamodeld */,
			);
			path = CoreData;
			sourceTree = "<group>";
		};
/* End PBXGroup section */

/* Begin PBXNativeTarget section */
		031981802BF482E0008ECF00 /* Sportify */ = {
			isa = PBXNativeTarget;
			buildConfigurationList = 031981AE2BF482E9008ECF00 /* Build configuration list for PBXNativeTarget "Sportify" */;
			buildPhases = (
				D11A88763BF140F4C601519B /* [CP] Check Pods Manifest.lock */,
				0319817D2BF482E0008ECF00 /* Sources */,
				0319817E2BF482E0008ECF00 /* Frameworks */,
				0319817F2BF482E0008ECF00 /* Resources */,
				E59478AAE16446A8AEE3DF69 /* [CP] Embed Pods Frameworks */,
			);
			buildRules = (
			);
			dependencies = (
			);
			name = Sportify;
			productName = Sportify;
			productReference = 031981812BF482E0008ECF00 /* Sportify.app */;
			productType = "com.apple.product-type.application";
		};
		031981992BF482E9008ECF00 /* SportifyTests */ = {
			isa = PBXNativeTarget;
			buildConfigurationList = 031981B12BF482E9008ECF00 /* Build configuration list for PBXNativeTarget "SportifyTests" */;
			buildPhases = (
				E57FBAF6DBA852FD8286EC77 /* [CP] Check Pods Manifest.lock */,
				031981962BF482E9008ECF00 /* Sources */,
				031981972BF482E9008ECF00 /* Frameworks */,
				031981982BF482E9008ECF00 /* Resources */,
			);
			buildRules = (
			);
			dependencies = (
				0319819C2BF482E9008ECF00 /* PBXTargetDependency */,
			);
			name = SportifyTests;
			productName = SportifyTests;
			productReference = 0319819A2BF482E9008ECF00 /* SportifyTests.xctest */;
			productType = "com.apple.product-type.bundle.unit-test";
		};
		031981A32BF482E9008ECF00 /* SportifyUITests */ = {
			isa = PBXNativeTarget;
			buildConfigurationList = 031981B42BF482E9008ECF00 /* Build configuration list for PBXNativeTarget "SportifyUITests" */;
			buildPhases = (
				845B8DD11D86BEE6897F1602 /* [CP] Check Pods Manifest.lock */,
				031981A02BF482E9008ECF00 /* Sources */,
				031981A12BF482E9008ECF00 /* Frameworks */,
				031981A22BF482E9008ECF00 /* Resources */,
				FD462BE9ECB1D3D6C1B3000B /* [CP] Embed Pods Frameworks */,
			);
			buildRules = (
			);
			dependencies = (
				031981A62BF482E9008ECF00 /* PBXTargetDependency */,
			);
			name = SportifyUITests;
			productName = SportifyUITests;
			productReference = 031981A42BF482E9008ECF00 /* SportifyUITests.xctest */;
			productType = "com.apple.product-type.bundle.ui-testing";
		};
/* End PBXNativeTarget section */

/* Begin PBXProject section */
		031981792BF482DF008ECF00 /* Project object */ = {
			isa = PBXProject;
			attributes = {
				BuildIndependentTargetsInParallel = 1;
				LastSwiftUpdateCheck = 1420;
				LastUpgradeCheck = 1420;
				TargetAttributes = {
					031981802BF482E0008ECF00 = {
						CreatedOnToolsVersion = 14.2;
					};
					031981992BF482E9008ECF00 = {
						CreatedOnToolsVersion = 14.2;
						TestTargetID = 031981802BF482E0008ECF00;
					};
					031981A32BF482E9008ECF00 = {
						CreatedOnToolsVersion = 14.2;
						TestTargetID = 031981802BF482E0008ECF00;
					};
				};
			};
			buildConfigurationList = 0319817C2BF482DF008ECF00 /* Build configuration list for PBXProject "Sportify" */;
			compatibilityVersion = "Xcode 14.0";
			developmentRegion = en;
			hasScannedForEncodings = 0;
			knownRegions = (
				en,
				Base,
			);
			mainGroup = 031981782BF482DF008ECF00;
			productRefGroup = 031981822BF482E0008ECF00 /* Products */;
			projectDirPath = "";
			projectRoot = "";
			targets = (
				031981802BF482E0008ECF00 /* Sportify */,
				031981992BF482E9008ECF00 /* SportifyTests */,
				031981A32BF482E9008ECF00 /* SportifyUITests */,
			);
		};
/* End PBXProject section */

/* Begin PBXResourcesBuildPhase section */
		0319817F2BF482E0008ECF00 /* Resources */ = {
			isa = PBXResourcesBuildPhase;
			buildActionMask = 2147483647;
			files = (
				6C54D11B2C052416002E622C /* EmptyStateCollectionViewCell.xib in Resources */,
				03D6B9AF2BF66C5600095008 /* Second.storyboard in Resources */,
				6C54D1132C0511A1002E622C /* CollectionReusableView.xib in Resources */,
				6CEFE2792BFFA8B200D028A4 /* UpComingEventsCollectionViewCell.xib in Resources */,
				6CEFE27D2BFFA8C300D028A4 /* TeamsCollectionViewCell.xib in Resources */,
				031981942BF482E8008ECF00 /* LaunchScreen.storyboard in Resources */,
				031981912BF482E8008ECF00 /* Assets.xcassets in Resources */,
				6CC1EC302BFBFF9F00F606AE /* animation4.json in Resources */,
				6CEFE2732BFF994700D028A4 /* LatestEventCollectionViewCell.xib in Resources */,
				03E7B6A92BF63B3F000BC5DF /* animation3.json in Resources */,
				6C54D1172C0519D6002E622C /* EmptyCollectionViewCell.xib in Resources */,
				0319818C2BF482E0008ECF00 /* Main.storyboard in Resources */,
				03F575032BF955150088F0C3 /* LeguesTableViewCell.xib in Resources */,
				03E48EA92BF5526E00C8A955 /* animation2.json in Resources */,
				6CC0FAE62C03FF6F00D30FA1 /* finalAnimation.json in Resources */,
				032B05292BFD76C3000651AE /* PlayerTableViewCell.xib in Resources */,
			);
			runOnlyForDeploymentPostprocessing = 0;
		};
		031981982BF482E9008ECF00 /* Resources */ = {
			isa = PBXResourcesBuildPhase;
			buildActionMask = 2147483647;
			files = (
			);
			runOnlyForDeploymentPostprocessing = 0;
		};
		031981A22BF482E9008ECF00 /* Resources */ = {
			isa = PBXResourcesBuildPhase;
			buildActionMask = 2147483647;
			files = (
			);
			runOnlyForDeploymentPostprocessing = 0;
		};
/* End PBXResourcesBuildPhase section */

/* Begin PBXShellScriptBuildPhase section */
		845B8DD11D86BEE6897F1602 /* [CP] Check Pods Manifest.lock */ = {
			isa = PBXShellScriptBuildPhase;
			buildActionMask = 2147483647;
			files = (
			);
			inputFileListPaths = (
			);
			inputPaths = (
				"${PODS_PODFILE_DIR_PATH}/Podfile.lock",
				"${PODS_ROOT}/Manifest.lock",
			);
			name = "[CP] Check Pods Manifest.lock";
			outputFileListPaths = (
			);
			outputPaths = (
				"$(DERIVED_FILE_DIR)/Pods-Sportify-SportifyUITests-checkManifestLockResult.txt",
			);
			runOnlyForDeploymentPostprocessing = 0;
			shellPath = /bin/sh;
			shellScript = "diff \"${PODS_PODFILE_DIR_PATH}/Podfile.lock\" \"${PODS_ROOT}/Manifest.lock\" > /dev/null\nif [ $? != 0 ] ; then\n    # print error to STDERR\n    echo \"error: The sandbox is not in sync with the Podfile.lock. Run 'pod install' or update your CocoaPods installation.\" >&2\n    exit 1\nfi\n# This output is used by Xcode 'outputs' to avoid re-running this script phase.\necho \"SUCCESS\" > \"${SCRIPT_OUTPUT_FILE_0}\"\n";
			showEnvVarsInLog = 0;
		};
		D11A88763BF140F4C601519B /* [CP] Check Pods Manifest.lock */ = {
			isa = PBXShellScriptBuildPhase;
			buildActionMask = 2147483647;
			files = (
			);
			inputFileListPaths = (
			);
			inputPaths = (
				"${PODS_PODFILE_DIR_PATH}/Podfile.lock",
				"${PODS_ROOT}/Manifest.lock",
			);
			name = "[CP] Check Pods Manifest.lock";
			outputFileListPaths = (
			);
			outputPaths = (
				"$(DERIVED_FILE_DIR)/Pods-Sportify-checkManifestLockResult.txt",
			);
			runOnlyForDeploymentPostprocessing = 0;
			shellPath = /bin/sh;
			shellScript = "diff \"${PODS_PODFILE_DIR_PATH}/Podfile.lock\" \"${PODS_ROOT}/Manifest.lock\" > /dev/null\nif [ $? != 0 ] ; then\n    # print error to STDERR\n    echo \"error: The sandbox is not in sync with the Podfile.lock. Run 'pod install' or update your CocoaPods installation.\" >&2\n    exit 1\nfi\n# This output is used by Xcode 'outputs' to avoid re-running this script phase.\necho \"SUCCESS\" > \"${SCRIPT_OUTPUT_FILE_0}\"\n";
			showEnvVarsInLog = 0;
		};
		E57FBAF6DBA852FD8286EC77 /* [CP] Check Pods Manifest.lock */ = {
			isa = PBXShellScriptBuildPhase;
			buildActionMask = 2147483647;
			files = (
			);
			inputFileListPaths = (
			);
			inputPaths = (
				"${PODS_PODFILE_DIR_PATH}/Podfile.lock",
				"${PODS_ROOT}/Manifest.lock",
			);
			name = "[CP] Check Pods Manifest.lock";
			outputFileListPaths = (
			);
			outputPaths = (
				"$(DERIVED_FILE_DIR)/Pods-SportifyTests-checkManifestLockResult.txt",
			);
			runOnlyForDeploymentPostprocessing = 0;
			shellPath = /bin/sh;
			shellScript = "diff \"${PODS_PODFILE_DIR_PATH}/Podfile.lock\" \"${PODS_ROOT}/Manifest.lock\" > /dev/null\nif [ $? != 0 ] ; then\n    # print error to STDERR\n    echo \"error: The sandbox is not in sync with the Podfile.lock. Run 'pod install' or update your CocoaPods installation.\" >&2\n    exit 1\nfi\n# This output is used by Xcode 'outputs' to avoid re-running this script phase.\necho \"SUCCESS\" > \"${SCRIPT_OUTPUT_FILE_0}\"\n";
			showEnvVarsInLog = 0;
		};
		E59478AAE16446A8AEE3DF69 /* [CP] Embed Pods Frameworks */ = {
			isa = PBXShellScriptBuildPhase;
			buildActionMask = 2147483647;
			files = (
			);
			inputFileListPaths = (
				"${PODS_ROOT}/Target Support Files/Pods-Sportify/Pods-Sportify-frameworks-${CONFIGURATION}-input-files.xcfilelist",
			);
			name = "[CP] Embed Pods Frameworks";
			outputFileListPaths = (
				"${PODS_ROOT}/Target Support Files/Pods-Sportify/Pods-Sportify-frameworks-${CONFIGURATION}-output-files.xcfilelist",
			);
			runOnlyForDeploymentPostprocessing = 0;
			shellPath = /bin/sh;
			shellScript = "\"${PODS_ROOT}/Target Support Files/Pods-Sportify/Pods-Sportify-frameworks.sh\"\n";
			showEnvVarsInLog = 0;
		};
		FD462BE9ECB1D3D6C1B3000B /* [CP] Embed Pods Frameworks */ = {
			isa = PBXShellScriptBuildPhase;
			buildActionMask = 2147483647;
			files = (
			);
			inputFileListPaths = (
				"${PODS_ROOT}/Target Support Files/Pods-Sportify-SportifyUITests/Pods-Sportify-SportifyUITests-frameworks-${CONFIGURATION}-input-files.xcfilelist",
			);
			name = "[CP] Embed Pods Frameworks";
			outputFileListPaths = (
				"${PODS_ROOT}/Target Support Files/Pods-Sportify-SportifyUITests/Pods-Sportify-SportifyUITests-frameworks-${CONFIGURATION}-output-files.xcfilelist",
			);
			runOnlyForDeploymentPostprocessing = 0;
			shellPath = /bin/sh;
			shellScript = "\"${PODS_ROOT}/Target Support Files/Pods-Sportify-SportifyUITests/Pods-Sportify-SportifyUITests-frameworks.sh\"\n";
			showEnvVarsInLog = 0;
		};
/* End PBXShellScriptBuildPhase section */

/* Begin PBXSourcesBuildPhase section */
		0319817D2BF482E0008ECF00 /* Sources */ = {
			isa = PBXSourcesBuildPhase;
			buildActionMask = 2147483647;
			files = (
				035EFF752BF9852000B53B23 /* NetworkManager.swift in Sources */,
				031981892BF482E0008ECF00 /* ViewController.swift in Sources */,
				0319818F2BF482E0008ECF00 /* Sportify.xcdatamodeld in Sources */,
				6C54D1122C0511A1002E622C /* CollectionReusableView.swift in Sources */,
				032B05282BFD76C3000651AE /* PlayerTableViewCell.swift in Sources */,
				035EFF732BF973F500B53B23 /* LegueModel.swift in Sources */,
				6CAC38662C00E1A000A1BE24 /* LegueDetailsModel.swift in Sources */,
				03FE53DE2BFF6B0C0084FE51 /* DataBaseManager.swift in Sources */,
				6C54D11A2C052416002E622C /* EmptyStateCollectionViewCell.swift in Sources */,
				6CAC38642C00E16B00A1BE24 /* LeguesDetailsViewModel.swift in Sources */,
				035EFF732BF973F500B53B23 /* LegueModel.swift in Sources */,
				6CEFE2782BFFA8B200D028A4 /* UpComingEventsCollectionViewCell.swift in Sources */,
				031981852BF482E0008ECF00 /* AppDelegate.swift in Sources */,
				035EFF772BF991C800B53B23 /* LeguesViewModel.swift in Sources */,
				03DF34092C01E6BD00FCD034 /* FavoriteViewModel.swift in Sources */,
				03E48EA62BF54F5A00C8A955 /* HomeCollectionViewController.swift in Sources */,
				6CEFE2752BFFA4B100D028A4 /* LegueDetailsViewController.swift in Sources */,
				6CAC38682C0121AB00A1BE24 /* TeamsModel.swift in Sources */,
				6CEFE27C2BFFA8C300D028A4 /* TeamsCollectionViewCell.swift in Sources */,
				6CEFE2722BFF994700D028A4 /* LatestEventCollectionViewCell.swift in Sources */,
				031981872BF482E0008ECF00 /* SceneDelegate.swift in Sources */,
				03E48EAB2BF56C9200C8A955 /* OnBoradingViewController.swift in Sources */,
				03DF34072C01E0EB00FCD034 /* FavoriteTableViewController.swift in Sources */,
				03F575022BF955150088F0C3 /* LeguesTableViewCell.swift in Sources */,
				03D6B9B22BF66D9600095008 /* LeguesTableViewController.swift in Sources */,
				032B05252BFD70C7000651AE /* TeamDetailsViewController.swift in Sources */,
				6C54D1162C0519D6002E622C /* EmptyCollectionViewCell.swift in Sources */,
				03E48EAD2BF5714000C8A955 /* ContainerPageViewController.swift in Sources */,
			);
			runOnlyForDeploymentPostprocessing = 0;
		};
		031981962BF482E9008ECF00 /* Sources */ = {
			isa = PBXSourcesBuildPhase;
			buildActionMask = 2147483647;
			files = (
				6C54D11D2C05597C002E622C /* MockNetworkService.swift in Sources */,
				6C6C8FB42C067E0F0064442B /* LeagueDetailsMockNetworkTest.swift in Sources */,
				6CC35C072C02B6F000C7D3AD /* TeamsMockNetwork.swift in Sources */,
				03DF34112C029BF600FCD034 /* MokeDataBaseManager.swift in Sources */,
				6C6C8FB02C0671000064442B /* NetworkTestAllLeagues.swift in Sources */,
				03DF340D2C02933F00FCD034 /* DataBaseMangerTests.swift in Sources */,
				6CC0FADB2C03B70F00D30FA1 /* NetworkTestLeagueUpCompingEvents.swift in Sources */,
				6CC0FADF2C03D81600D30FA1 /* FavoriteViewModelTests.swift in Sources */,
				6C6C8FB22C067CE40064442B /* LeaguesMockNetwork.swift in Sources */,
				6C6C8FAE2C066E510064442B /* NetworkTestingTeams.swift in Sources */,
				6C6C8FAC2C0667DD0064442B /* NetworkTestingLatestEvents.swift in Sources */,
			);
			runOnlyForDeploymentPostprocessing = 0;
		};
		031981A02BF482E9008ECF00 /* Sources */ = {
			isa = PBXSourcesBuildPhase;
			buildActionMask = 2147483647;
			files = (
				031981AB2BF482E9008ECF00 /* SportifyUITestsLaunchTests.swift in Sources */,
				031981A92BF482E9008ECF00 /* SportifyUITests.swift in Sources */,
			);
			runOnlyForDeploymentPostprocessing = 0;
		};
/* End PBXSourcesBuildPhase section */

/* Begin PBXTargetDependency section */
		0319819C2BF482E9008ECF00 /* PBXTargetDependency */ = {
			isa = PBXTargetDependency;
			target = 031981802BF482E0008ECF00 /* Sportify */;
			targetProxy = 0319819B2BF482E9008ECF00 /* PBXContainerItemProxy */;
		};
		031981A62BF482E9008ECF00 /* PBXTargetDependency */ = {
			isa = PBXTargetDependency;
			target = 031981802BF482E0008ECF00 /* Sportify */;
			targetProxy = 031981A52BF482E9008ECF00 /* PBXContainerItemProxy */;
		};
/* End PBXTargetDependency section */

/* Begin PBXVariantGroup section */
		0319818A2BF482E0008ECF00 /* Main.storyboard */ = {
			isa = PBXVariantGroup;
			children = (
				0319818B2BF482E0008ECF00 /* Base */,
			);
			name = Main.storyboard;
			sourceTree = "<group>";
		};
		031981922BF482E8008ECF00 /* LaunchScreen.storyboard */ = {
			isa = PBXVariantGroup;
			children = (
				031981932BF482E8008ECF00 /* Base */,
			);
			name = LaunchScreen.storyboard;
			sourceTree = "<group>";
		};
/* End PBXVariantGroup section */

/* Begin XCBuildConfiguration section */
		031981AC2BF482E9008ECF00 /* Debug */ = {
			isa = XCBuildConfiguration;
			buildSettings = {
				ALWAYS_EMBED_SWIFT_STANDARD_LIBRARIES = YES;
				ALWAYS_SEARCH_USER_PATHS = NO;
				CLANG_ANALYZER_NONNULL = YES;
				CLANG_ANALYZER_NUMBER_OBJECT_CONVERSION = YES_AGGRESSIVE;
				CLANG_CXX_LANGUAGE_STANDARD = "gnu++20";
				CLANG_ENABLE_MODULES = YES;
				CLANG_ENABLE_OBJC_ARC = YES;
				CLANG_ENABLE_OBJC_WEAK = YES;
				CLANG_WARN_BLOCK_CAPTURE_AUTORELEASING = YES;
				CLANG_WARN_BOOL_CONVERSION = YES;
				CLANG_WARN_COMMA = YES;
				CLANG_WARN_CONSTANT_CONVERSION = YES;
				CLANG_WARN_DEPRECATED_OBJC_IMPLEMENTATIONS = YES;
				CLANG_WARN_DIRECT_OBJC_ISA_USAGE = YES_ERROR;
				CLANG_WARN_DOCUMENTATION_COMMENTS = YES;
				CLANG_WARN_EMPTY_BODY = YES;
				CLANG_WARN_ENUM_CONVERSION = YES;
				CLANG_WARN_INFINITE_RECURSION = YES;
				CLANG_WARN_INT_CONVERSION = YES;
				CLANG_WARN_NON_LITERAL_NULL_CONVERSION = YES;
				CLANG_WARN_OBJC_IMPLICIT_RETAIN_SELF = YES;
				CLANG_WARN_OBJC_LITERAL_CONVERSION = YES;
				CLANG_WARN_OBJC_ROOT_CLASS = YES_ERROR;
				CLANG_WARN_QUOTED_INCLUDE_IN_FRAMEWORK_HEADER = YES;
				CLANG_WARN_RANGE_LOOP_ANALYSIS = YES;
				CLANG_WARN_STRICT_PROTOTYPES = YES;
				CLANG_WARN_SUSPICIOUS_MOVE = YES;
				CLANG_WARN_UNGUARDED_AVAILABILITY = YES_AGGRESSIVE;
				CLANG_WARN_UNREACHABLE_CODE = YES;
				CLANG_WARN__DUPLICATE_METHOD_MATCH = YES;
				COPY_PHASE_STRIP = NO;
				DEBUG_INFORMATION_FORMAT = dwarf;
				ENABLE_STRICT_OBJC_MSGSEND = YES;
				ENABLE_TESTABILITY = YES;
				GCC_C_LANGUAGE_STANDARD = gnu11;
				GCC_DYNAMIC_NO_PIC = NO;
				GCC_NO_COMMON_BLOCKS = YES;
				GCC_OPTIMIZATION_LEVEL = 0;
				GCC_PREPROCESSOR_DEFINITIONS = (
					"DEBUG=1",
					"$(inherited)",
				);
				GCC_WARN_64_TO_32_BIT_CONVERSION = YES;
				GCC_WARN_ABOUT_RETURN_TYPE = YES_ERROR;
				GCC_WARN_UNDECLARED_SELECTOR = YES;
				GCC_WARN_UNINITIALIZED_AUTOS = YES_AGGRESSIVE;
				GCC_WARN_UNUSED_FUNCTION = YES;
				GCC_WARN_UNUSED_VARIABLE = YES;
				IPHONEOS_DEPLOYMENT_TARGET = 13.0;
				MTL_ENABLE_DEBUG_INFO = INCLUDE_SOURCE;
				MTL_FAST_MATH = YES;
				ONLY_ACTIVE_ARCH = YES;
				SDKROOT = iphoneos;
				SWIFT_ACTIVE_COMPILATION_CONDITIONS = DEBUG;
				SWIFT_OPTIMIZATION_LEVEL = "-Onone";
			};
			name = Debug;
		};
		031981AD2BF482E9008ECF00 /* Release */ = {
			isa = XCBuildConfiguration;
			buildSettings = {
				ALWAYS_EMBED_SWIFT_STANDARD_LIBRARIES = YES;
				ALWAYS_SEARCH_USER_PATHS = NO;
				CLANG_ANALYZER_NONNULL = YES;
				CLANG_ANALYZER_NUMBER_OBJECT_CONVERSION = YES_AGGRESSIVE;
				CLANG_CXX_LANGUAGE_STANDARD = "gnu++20";
				CLANG_ENABLE_MODULES = YES;
				CLANG_ENABLE_OBJC_ARC = YES;
				CLANG_ENABLE_OBJC_WEAK = YES;
				CLANG_WARN_BLOCK_CAPTURE_AUTORELEASING = YES;
				CLANG_WARN_BOOL_CONVERSION = YES;
				CLANG_WARN_COMMA = YES;
				CLANG_WARN_CONSTANT_CONVERSION = YES;
				CLANG_WARN_DEPRECATED_OBJC_IMPLEMENTATIONS = YES;
				CLANG_WARN_DIRECT_OBJC_ISA_USAGE = YES_ERROR;
				CLANG_WARN_DOCUMENTATION_COMMENTS = YES;
				CLANG_WARN_EMPTY_BODY = YES;
				CLANG_WARN_ENUM_CONVERSION = YES;
				CLANG_WARN_INFINITE_RECURSION = YES;
				CLANG_WARN_INT_CONVERSION = YES;
				CLANG_WARN_NON_LITERAL_NULL_CONVERSION = YES;
				CLANG_WARN_OBJC_IMPLICIT_RETAIN_SELF = YES;
				CLANG_WARN_OBJC_LITERAL_CONVERSION = YES;
				CLANG_WARN_OBJC_ROOT_CLASS = YES_ERROR;
				CLANG_WARN_QUOTED_INCLUDE_IN_FRAMEWORK_HEADER = YES;
				CLANG_WARN_RANGE_LOOP_ANALYSIS = YES;
				CLANG_WARN_STRICT_PROTOTYPES = YES;
				CLANG_WARN_SUSPICIOUS_MOVE = YES;
				CLANG_WARN_UNGUARDED_AVAILABILITY = YES_AGGRESSIVE;
				CLANG_WARN_UNREACHABLE_CODE = YES;
				CLANG_WARN__DUPLICATE_METHOD_MATCH = YES;
				COPY_PHASE_STRIP = NO;
				DEBUG_INFORMATION_FORMAT = "dwarf-with-dsym";
				ENABLE_NS_ASSERTIONS = NO;
				ENABLE_STRICT_OBJC_MSGSEND = YES;
				GCC_C_LANGUAGE_STANDARD = gnu11;
				GCC_NO_COMMON_BLOCKS = YES;
				GCC_WARN_64_TO_32_BIT_CONVERSION = YES;
				GCC_WARN_ABOUT_RETURN_TYPE = YES_ERROR;
				GCC_WARN_UNDECLARED_SELECTOR = YES;
				GCC_WARN_UNINITIALIZED_AUTOS = YES_AGGRESSIVE;
				GCC_WARN_UNUSED_FUNCTION = YES;
				GCC_WARN_UNUSED_VARIABLE = YES;
				IPHONEOS_DEPLOYMENT_TARGET = 13.0;
				MTL_ENABLE_DEBUG_INFO = NO;
				MTL_FAST_MATH = YES;
				SDKROOT = iphoneos;
				SWIFT_COMPILATION_MODE = wholemodule;
				SWIFT_OPTIMIZATION_LEVEL = "-O";
				VALIDATE_PRODUCT = YES;
			};
			name = Release;
		};
		031981AF2BF482E9008ECF00 /* Debug */ = {
			isa = XCBuildConfiguration;
			baseConfigurationReference = 48DD1672BE117ED6C551C984 /* Pods-Sportify.debug.xcconfig */;
			buildSettings = {
				ALWAYS_EMBED_SWIFT_STANDARD_LIBRARIES = YES;
				ASSETCATALOG_COMPILER_APPICON_NAME = AppIcon;
				ASSETCATALOG_COMPILER_GLOBAL_ACCENT_COLOR_NAME = AccentColor;
				CODE_SIGN_STYLE = Automatic;
				CURRENT_PROJECT_VERSION = 1;
				GENERATE_INFOPLIST_FILE = YES;
				INFOPLIST_FILE = Sportify/Configuration/Info.plist;
				INFOPLIST_KEY_UIApplicationSupportsIndirectInputEvents = YES;
				INFOPLIST_KEY_UILaunchStoryboardName = LaunchScreen;
				INFOPLIST_KEY_UIMainStoryboardFile = Main;
				INFOPLIST_KEY_UISupportedInterfaceOrientations_iPad = "UIInterfaceOrientationPortrait UIInterfaceOrientationPortraitUpsideDown UIInterfaceOrientationLandscapeLeft UIInterfaceOrientationLandscapeRight";
				INFOPLIST_KEY_UISupportedInterfaceOrientations_iPhone = "UIInterfaceOrientationPortrait UIInterfaceOrientationLandscapeLeft UIInterfaceOrientationLandscapeRight";
				LD_RUNPATH_SEARCH_PATHS = (
					"$(inherited)",
					"@executable_path/Frameworks",
				);
				MARKETING_VERSION = 1.0;
				PRODUCT_BUNDLE_IDENTIFIER = com.iti.Sportify;
				PRODUCT_NAME = "$(TARGET_NAME)";
				SWIFT_EMIT_LOC_STRINGS = YES;
				SWIFT_VERSION = 5.0;
				TARGETED_DEVICE_FAMILY = "1,2";
			};
			name = Debug;
		};
		031981B02BF482E9008ECF00 /* Release */ = {
			isa = XCBuildConfiguration;
			baseConfigurationReference = C8CF375FE8605E45ECA16403 /* Pods-Sportify.release.xcconfig */;
			buildSettings = {
				ALWAYS_EMBED_SWIFT_STANDARD_LIBRARIES = YES;
				ASSETCATALOG_COMPILER_APPICON_NAME = AppIcon;
				ASSETCATALOG_COMPILER_GLOBAL_ACCENT_COLOR_NAME = AccentColor;
				CODE_SIGN_STYLE = Automatic;
				CURRENT_PROJECT_VERSION = 1;
				GENERATE_INFOPLIST_FILE = YES;
				INFOPLIST_FILE = Sportify/Configuration/Info.plist;
				INFOPLIST_KEY_UIApplicationSupportsIndirectInputEvents = YES;
				INFOPLIST_KEY_UILaunchStoryboardName = LaunchScreen;
				INFOPLIST_KEY_UIMainStoryboardFile = Main;
				INFOPLIST_KEY_UISupportedInterfaceOrientations_iPad = "UIInterfaceOrientationPortrait UIInterfaceOrientationPortraitUpsideDown UIInterfaceOrientationLandscapeLeft UIInterfaceOrientationLandscapeRight";
				INFOPLIST_KEY_UISupportedInterfaceOrientations_iPhone = "UIInterfaceOrientationPortrait UIInterfaceOrientationLandscapeLeft UIInterfaceOrientationLandscapeRight";
				LD_RUNPATH_SEARCH_PATHS = (
					"$(inherited)",
					"@executable_path/Frameworks",
				);
				MARKETING_VERSION = 1.0;
				PRODUCT_BUNDLE_IDENTIFIER = com.iti.Sportify;
				PRODUCT_NAME = "$(TARGET_NAME)";
				SWIFT_EMIT_LOC_STRINGS = YES;
				SWIFT_VERSION = 5.0;
				TARGETED_DEVICE_FAMILY = "1,2";
			};
			name = Release;
		};
		031981B22BF482E9008ECF00 /* Debug */ = {
			isa = XCBuildConfiguration;
			baseConfigurationReference = 663502EF2416ADBD10B5C57B /* Pods-SportifyTests.debug.xcconfig */;
			buildSettings = {
				ALWAYS_EMBED_SWIFT_STANDARD_LIBRARIES = YES;
				BUNDLE_LOADER = "$(TEST_HOST)";
				CODE_SIGN_STYLE = Automatic;
				CURRENT_PROJECT_VERSION = 1;
				GENERATE_INFOPLIST_FILE = YES;
				IPHONEOS_DEPLOYMENT_TARGET = 16.2;
				MARKETING_VERSION = 1.0;
				PRODUCT_BUNDLE_IDENTIFIER = com.iti.SportifyTests;
				PRODUCT_NAME = "$(TARGET_NAME)";
				SWIFT_EMIT_LOC_STRINGS = NO;
				SWIFT_VERSION = 5.0;
				TARGETED_DEVICE_FAMILY = "1,2";
				TEST_HOST = "$(BUILT_PRODUCTS_DIR)/Sportify.app/$(BUNDLE_EXECUTABLE_FOLDER_PATH)/Sportify";
			};
			name = Debug;
		};
		031981B32BF482E9008ECF00 /* Release */ = {
			isa = XCBuildConfiguration;
			baseConfigurationReference = D774088E6659AC9D7BFB33A8 /* Pods-SportifyTests.release.xcconfig */;
			buildSettings = {
				ALWAYS_EMBED_SWIFT_STANDARD_LIBRARIES = YES;
				BUNDLE_LOADER = "$(TEST_HOST)";
				CODE_SIGN_STYLE = Automatic;
				CURRENT_PROJECT_VERSION = 1;
				GENERATE_INFOPLIST_FILE = YES;
				IPHONEOS_DEPLOYMENT_TARGET = 16.2;
				MARKETING_VERSION = 1.0;
				PRODUCT_BUNDLE_IDENTIFIER = com.iti.SportifyTests;
				PRODUCT_NAME = "$(TARGET_NAME)";
				SWIFT_EMIT_LOC_STRINGS = NO;
				SWIFT_VERSION = 5.0;
				TARGETED_DEVICE_FAMILY = "1,2";
				TEST_HOST = "$(BUILT_PRODUCTS_DIR)/Sportify.app/$(BUNDLE_EXECUTABLE_FOLDER_PATH)/Sportify";
			};
			name = Release;
		};
		031981B52BF482E9008ECF00 /* Debug */ = {
			isa = XCBuildConfiguration;
			baseConfigurationReference = 9AC35F703BAAC1F831BB9252 /* Pods-Sportify-SportifyUITests.debug.xcconfig */;
			buildSettings = {
				ALWAYS_EMBED_SWIFT_STANDARD_LIBRARIES = YES;
				CODE_SIGN_STYLE = Automatic;
				CURRENT_PROJECT_VERSION = 1;
				GENERATE_INFOPLIST_FILE = YES;
				MARKETING_VERSION = 1.0;
				PRODUCT_BUNDLE_IDENTIFIER = com.iti.SportifyUITests;
				PRODUCT_NAME = "$(TARGET_NAME)";
				SWIFT_EMIT_LOC_STRINGS = NO;
				SWIFT_VERSION = 5.0;
				TARGETED_DEVICE_FAMILY = "1,2";
				TEST_TARGET_NAME = Sportify;
			};
			name = Debug;
		};
		031981B62BF482E9008ECF00 /* Release */ = {
			isa = XCBuildConfiguration;
			baseConfigurationReference = 6A6D220563FAAA99113DB9AE /* Pods-Sportify-SportifyUITests.release.xcconfig */;
			buildSettings = {
				ALWAYS_EMBED_SWIFT_STANDARD_LIBRARIES = YES;
				CODE_SIGN_STYLE = Automatic;
				CURRENT_PROJECT_VERSION = 1;
				GENERATE_INFOPLIST_FILE = YES;
				MARKETING_VERSION = 1.0;
				PRODUCT_BUNDLE_IDENTIFIER = com.iti.SportifyUITests;
				PRODUCT_NAME = "$(TARGET_NAME)";
				SWIFT_EMIT_LOC_STRINGS = NO;
				SWIFT_VERSION = 5.0;
				TARGETED_DEVICE_FAMILY = "1,2";
				TEST_TARGET_NAME = Sportify;
			};
			name = Release;
		};
/* End XCBuildConfiguration section */

/* Begin XCConfigurationList section */
		0319817C2BF482DF008ECF00 /* Build configuration list for PBXProject "Sportify" */ = {
			isa = XCConfigurationList;
			buildConfigurations = (
				031981AC2BF482E9008ECF00 /* Debug */,
				031981AD2BF482E9008ECF00 /* Release */,
			);
			defaultConfigurationIsVisible = 0;
			defaultConfigurationName = Release;
		};
		031981AE2BF482E9008ECF00 /* Build configuration list for PBXNativeTarget "Sportify" */ = {
			isa = XCConfigurationList;
			buildConfigurations = (
				031981AF2BF482E9008ECF00 /* Debug */,
				031981B02BF482E9008ECF00 /* Release */,
			);
			defaultConfigurationIsVisible = 0;
			defaultConfigurationName = Release;
		};
		031981B12BF482E9008ECF00 /* Build configuration list for PBXNativeTarget "SportifyTests" */ = {
			isa = XCConfigurationList;
			buildConfigurations = (
				031981B22BF482E9008ECF00 /* Debug */,
				031981B32BF482E9008ECF00 /* Release */,
			);
			defaultConfigurationIsVisible = 0;
			defaultConfigurationName = Release;
		};
		031981B42BF482E9008ECF00 /* Build configuration list for PBXNativeTarget "SportifyUITests" */ = {
			isa = XCConfigurationList;
			buildConfigurations = (
				031981B52BF482E9008ECF00 /* Debug */,
				031981B62BF482E9008ECF00 /* Release */,
			);
			defaultConfigurationIsVisible = 0;
			defaultConfigurationName = Release;
		};
/* End XCConfigurationList section */

/* Begin XCVersionGroup section */
		0319818D2BF482E0008ECF00 /* Sportify.xcdatamodeld */ = {
			isa = XCVersionGroup;
			children = (
				0319818E2BF482E0008ECF00 /* Sportify.xcdatamodel */,
			);
			currentVersion = 0319818E2BF482E0008ECF00 /* Sportify.xcdatamodel */;
			path = Sportify.xcdatamodeld;
			sourceTree = "<group>";
			versionGroupType = wrapper.xcdatamodel;
		};
/* End XCVersionGroup section */
	};
	rootObject = 031981792BF482DF008ECF00 /* Project object */;
}
